
Microsoft Visual Studio Solution File, Format Version 12.00
# Visual Studio Version 17
VisualStudioVersion = 17.13.35818.85 d17.13
MinimumVisualStudioVersion = 10.0.40219.1
Project("{FAE04EC0-301F-11D3-BF4B-00C04F79EFBC}") = "PixelSnapshot", "PixelSnapshot\PixelSnapshot.csproj", "{AE4617E4-0184-4615-8D55-77742613D9EF}"
EndProject
Global
	GlobalSection(SolutionConfigurationPlatforms) = preSolution
		Debug|Any CPU = Debug|Any CPU
		Release|Any CPU = Release|Any CPU
	EndGlobalSection
	GlobalSection(ProjectConfigurationPlatforms) = postSolution
		{AE4617E4-0184-4615-8D55-77742613D9EF}.Debug|Any CPU.ActiveCfg = Debug|Any CPU
		{AE4617E4-0184-4615-8D55-77742613D9EF}.Debug|Any CPU.Build.0 = Debug|Any CPU
		{AE4617E4-0184-4615-8D55-77742613D9EF}.Release|Any CPU.ActiveCfg = Release|Any CPU
		{AE4617E4-0184-4615-8D55-77742613D9EF}.Release|Any CPU.Build.0 = Release|Any CPU
	EndGlobalSection
	GlobalSection(SolutionProperties) = preSolution
		HideSolutionNode = FALSE
	EndGlobalSection
	GlobalSection(ExtensibilityGlobals) = postSolution
		SolutionGuid = {9176698D-7A4E-4DA7-BA14-5B5C4A58B2E7}
	EndGlobalSection
EndGlobal
